// !$*UTF8*$!
{
	archiveVersion = 1;
	classes = {
	};
	objectVersion = 46;
	objects = {

/* Begin PBXBuildFile section */
		1AACF25516C99CEE00FA936D /* UIKit.framework in Frameworks */ = {isa = PBXBuildFile; fileRef = 1AACF25416C99CEE00FA936D /* UIKit.framework */; };
		1AACF25716C99CEE00FA936D /* Foundation.framework in Frameworks */ = {isa = PBXBuildFile; fileRef = 1AACF25616C99CEE00FA936D /* Foundation.framework */; };
		1AACF25916C99CEE00FA936D /* CoreGraphics.framework in Frameworks */ = {isa = PBXBuildFile; fileRef = 1AACF25816C99CEE00FA936D /* CoreGraphics.framework */; };
		1AACF25F16C99CEE00FA936D /* InfoPlist.strings in Resources */ = {isa = PBXBuildFile; fileRef = 1AACF25D16C99CEE00FA936D /* InfoPlist.strings */; };
		1AACF26116C99CEE00FA936D /* main.m in Sources */ = {isa = PBXBuildFile; fileRef = 1AACF26016C99CEE00FA936D /* main.m */; };
		1AACF26516C99CEE00FA936D /* AppDelegate.m in Sources */ = {isa = PBXBuildFile; fileRef = 1AACF26416C99CEE00FA936D /* AppDelegate.m */; };
		1AACF26716C99CEE00FA936D /* Default.png in Resources */ = {isa = PBXBuildFile; fileRef = 1AACF26616C99CEE00FA936D /* Default.png */; };
		1AACF26916C99CEE00FA936D /* Default@2x.png in Resources */ = {isa = PBXBuildFile; fileRef = 1AACF26816C99CEE00FA936D /* Default@2x.png */; };
		1AACF26B16C99CEE00FA936D /* Default-568h@2x.png in Resources */ = {isa = PBXBuildFile; fileRef = 1AACF26A16C99CEE00FA936D /* Default-568h@2x.png */; };
		1AACF26E16C99CEE00FA936D /* MainStoryboard.storyboard in Resources */ = {isa = PBXBuildFile; fileRef = 1AACF26C16C99CEE00FA936D /* MainStoryboard.storyboard */; };
		1AACF27116C99CEE00FA936D /* ViewController.m in Sources */ = {isa = PBXBuildFile; fileRef = 1AACF27016C99CEE00FA936D /* ViewController.m */; };
/* End PBXBuildFile section */

/* Begin PBXFileReference section */
		1AACF25116C99CEE00FA936D /* knockONwood.app */ = {isa = PBXFileReference; explicitFileType = wrapper.application; includeInIndex = 0; path = knockONwood.app; sourceTree = BUILT_PRODUCTS_DIR; };
		1AACF25416C99CEE00FA936D /* UIKit.framework */ = {isa = PBXFileReference; lastKnownFileType = wrapper.framework; name = UIKit.framework; path = System/Library/Frameworks/UIKit.framework; sourceTree = SDKROOT; };
		1AACF25616C99CEE00FA936D /* Foundation.framework */ = {isa = PBXFileReference; lastKnownFileType = wrapper.framework; name = Foundation.framework; path = System/Library/Frameworks/Foundation.framework; sourceTree = SDKROOT; };
		1AACF25816C99CEE00FA936D /* CoreGraphics.framework */ = {isa = PBXFileReference; lastKnownFileType = wrapper.framework; name = CoreGraphics.framework; path = System/Library/Frameworks/CoreGraphics.framework; sourceTree = SDKROOT; };
		1AACF25C16C99CEE00FA936D /* knockONwood-Info.plist */ = {isa = PBXFileReference; lastKnownFileType = text.plist.xml; path = "knockONwood-Info.plist"; sourceTree = "<group>"; };
		1AACF25E16C99CEE00FA936D /* en */ = {isa = PBXFileReference; lastKnownFileType = text.plist.strings; name = en; path = en.lproj/InfoPlist.strings; sourceTree = "<group>"; };
		1AACF26016C99CEE00FA936D /* main.m */ = {isa = PBXFileReference; lastKnownFileType = sourcecode.c.objc; path = main.m; sourceTree = "<group>"; };
		1AACF26216C99CEE00FA936D /* knockONwood-Prefix.pch */ = {isa = PBXFileReference; lastKnownFileType = sourcecode.c.h; path = "knockONwood-Prefix.pch"; sourceTree = "<group>"; };
		1AACF26316C99CEE00FA936D /* AppDelegate.h */ = {isa = PBXFileReference; lastKnownFileType = sourcecode.c.h; path = AppDelegate.h; sourceTree = "<group>"; };
		1AACF26416C99CEE00FA936D /* AppDelegate.m */ = {isa = PBXFileReference; lastKnownFileType = sourcecode.c.objc; path = AppDelegate.m; sourceTree = "<group>"; };
		1AACF26616C99CEE00FA936D /* Default.png */ = {isa = PBXFileReference; lastKnownFileType = image.png; path = Default.png; sourceTree = "<group>"; };
		1AACF26816C99CEE00FA936D /* Default@2x.png */ = {isa = PBXFileReference; lastKnownFileType = image.png; path = "Default@2x.png"; sourceTree = "<group>"; };
		1AACF26A16C99CEE00FA936D /* Default-568h@2x.png */ = {isa = PBXFileReference; lastKnownFileType = image.png; path = "Default-568h@2x.png"; sourceTree = "<group>"; };
		1AACF26D16C99CEE00FA936D /* en */ = {isa = PBXFileReference; lastKnownFileType = file.storyboard; name = en; path = en.lproj/MainStoryboard.storyboard; sourceTree = "<group>"; };
		1AACF26F16C99CEE00FA936D /* ViewController.h */ = {isa = PBXFileReference; lastKnownFileType = sourcecode.c.h; path = ViewController.h; sourceTree = "<group>"; };
		1AACF27016C99CEE00FA936D /* ViewController.m */ = {isa = PBXFileReference; lastKnownFileType = sourcecode.c.objc; path = ViewController.m; sourceTree = "<group>"; };
/* End PBXFileReference section */

/* Begin PBXFrameworksBuildPhase section */
		1AACF24E16C99CEE00FA936D /* Frameworks */ = {
			isa = PBXFrameworksBuildPhase;
			buildActionMask = 2147483647;
			files = (
				1AACF25516C99CEE00FA936D /* UIKit.framework in Frameworks */,
				1AACF25716C99CEE00FA936D /* Foundation.framework in Frameworks */,
				1AACF25916C99CEE00FA936D /* CoreGraphics.framework in Frameworks */,
			);
			runOnlyForDeploymentPostprocessing = 0;
		};
/* End PBXFrameworksBuildPhase section */

/* Begin PBXGroup section */
		1AACF24816C99CEE00FA936D = {
			isa = PBXGroup;
			children = (
				1AACF25A16C99CEE00FA936D /* knockONwood */,
				1AACF25316C99CEE00FA936D /* Frameworks */,
				1AACF25216C99CEE00FA936D /* Products */,
			);
			sourceTree = "<group>";
		};
		1AACF25216C99CEE00FA936D /* Products */ = {
			isa = PBXGroup;
			children = (
				1AACF25116C99CEE00FA936D /* knockONwood.app */,
			);
			name = Products;
			sourceTree = "<group>";
		};
		1AACF25316C99CEE00FA936D /* Frameworks */ = {
			isa = PBXGroup;
			children = (
				1AACF25416C99CEE00FA936D /* UIKit.framework */,
				1AACF25616C99CEE00FA936D /* Foundation.framework */,
				1AACF25816C99CEE00FA936D /* CoreGraphics.framework */,
			);
			name = Frameworks;
			sourceTree = "<group>";
		};
		1AACF25A16C99CEE00FA936D /* knockONwood */ = {
			isa = PBXGroup;
			children = (
				1AACF26316C99CEE00FA936D /* AppDelegate.h */,
				1AACF26416C99CEE00FA936D /* AppDelegate.m */,
				1AACF26C16C99CEE00FA936D /* MainStoryboard.storyboard */,
				1AACF26F16C99CEE00FA936D /* ViewController.h */,
				1AACF27016C99CEE00FA936D /* ViewController.m */,
				1AACF25B16C99CEE00FA936D /* Supporting Files */,
			);
			path = knockONwood;
			sourceTree = "<group>";
		};
		1AACF25B16C99CEE00FA936D /* Supporting Files */ = {
			isa = PBXGroup;
			children = (
				1AACF25C16C99CEE00FA936D /* knockONwood-Info.plist */,
				1AACF25D16C99CEE00FA936D /* InfoPlist.strings */,
				1AACF26016C99CEE00FA936D /* main.m */,
				1AACF26216C99CEE00FA936D /* knockONwood-Prefix.pch */,
				1AACF26616C99CEE00FA936D /* Default.png */,
				1AACF26816C99CEE00FA936D /* Default@2x.png */,
				1AACF26A16C99CEE00FA936D /* Default-568h@2x.png */,
			);
			name = "Supporting Files";
			sourceTree = "<group>";
		};
/* End PBXGroup section */

/* Begin PBXNativeTarget section */
		1AACF25016C99CEE00FA936D /* knockONwood */ = {
			isa = PBXNativeTarget;
			buildConfigurationList = 1AACF27416C99CEE00FA936D /* Build configuration list for PBXNativeTarget "knockONwood" */;
			buildPhases = (
				1AACF24D16C99CEE00FA936D /* Sources */,
				1AACF24E16C99CEE00FA936D /* Frameworks */,
				1AACF24F16C99CEE00FA936D /* Resources */,
			);
			buildRules = (
			);
			dependencies = (
			);
			name = knockONwood;
			productName = knockONwood;
			productReference = 1AACF25116C99CEE00FA936D /* knockONwood.app */;
			productType = "com.apple.product-type.application";
		};
/* End PBXNativeTarget section */

/* Begin PBXProject section */
		1AACF24916C99CEE00FA936D /* Project object */ = {
			isa = PBXProject;
			attributes = {
				LastUpgradeCheck = 0460;
				ORGANIZATIONNAME = "Jennifer Clark";
			};
			buildConfigurationList = 1AACF24C16C99CEE00FA936D /* Build configuration list for PBXProject "knockONwood" */;
			compatibilityVersion = "Xcode 3.2";
			developmentRegion = English;
			hasScannedForEncodings = 0;
			knownRegions = (
				en,
			);
			mainGroup = 1AACF24816C99CEE00FA936D;
			productRefGroup = 1AACF25216C99CEE00FA936D /* Products */;
			projectDirPath = "";
			projectRoot = "";
			targets = (
				1AACF25016C99CEE00FA936D /* knockONwood */,
			);
		};
/* End PBXProject section */

/* Begin PBXResourcesBuildPhase section */
		1AACF24F16C99CEE00FA936D /* Resources */ = {
			isa = PBXResourcesBuildPhase;
			buildActionMask = 2147483647;
			files = (
				1AACF25F16C99CEE00FA936D /* InfoPlist.strings in Resources */,
				1AACF26716C99CEE00FA936D /* Default.png in Resources */,
				1AACF26916C99CEE00FA936D /* Default@2x.png in Resources */,
				1AACF26B16C99CEE00FA936D /* Default-568h@2x.png in Resources */,
				1AACF26E16C99CEE00FA936D /* MainStoryboard.storyboard in Resources */,
			);
			runOnlyForDeploymentPostprocessing = 0;
		};
/* End PBXResourcesBuildPhase section */

/* Begin PBXSourcesBuildPhase section */
		1AACF24D16C99CEE00FA936D /* Sources */ = {
			isa = PBXSourcesBuildPhase;
			buildActionMask = 2147483647;
			files = (
				1AACF26116C99CEE00FA936D /* main.m in Sources */,
				1AACF26516C99CEE00FA936D /* AppDelegate.m in Sources */,
				1AACF27116C99CEE00FA936D /* ViewController.m in Sources */,
			);
			runOnlyForDeploymentPostprocessing = 0;
		};
/* End PBXSourcesBuildPhase section */

/* Begin PBXVariantGroup section */
		1AACF25D16C99CEE00FA936D /* InfoPlist.strings */ = {
			isa = PBXVariantGroup;
			children = (
				1AACF25E16C99CEE00FA936D /* en */,
			);
			name = InfoPlist.strings;
			sourceTree = "<group>";
		};
		1AACF26C16C99CEE00FA936D /* MainStoryboard.storyboard */ = {
			isa = PBXVariantGroup;
			children = (
				1AACF26D16C99CEE00FA936D /* en */,
			);
			name = MainStoryboard.storyboard;
			sourceTree = "<group>";
		};
/* End PBXVariantGroup section */

/* Begin XCBuildConfiguration section */
		1AACF27216C99CEE00FA936D /* Debug */ = {
			isa = XCBuildConfiguration;
			buildSettings = {
				ALWAYS_SEARCH_USER_PATHS = NO;
				CLANG_CXX_LANGUAGE_STANDARD = "gnu++0x";
				CLANG_CXX_LIBRARY = "libc++";
				CLANG_ENABLE_OBJC_ARC = YES;
				CLANG_WARN_CONSTANT_CONVERSION = YES;
				CLANG_WARN_EMPTY_BODY = YES;
				CLANG_WARN_ENUM_CONVERSION = YES;
				CLANG_WARN_INT_CONVERSION = YES;
				CLANG_WARN__DUPLICATE_METHOD_MATCH = YES;
				"CODE_SIGN_IDENTITY[sdk=iphoneos*]" = "iPhone Developer";
				COPY_PHASE_STRIP = NO;
				GCC_C_LANGUAGE_STANDARD = gnu99;
				GCC_DYNAMIC_NO_PIC = NO;
				GCC_OPTIMIZATION_LEVEL = 0;
				GCC_PREPROCESSOR_DEFINITIONS = (
					"DEBUG=1",
					"$(inherited)",
				);
				GCC_SYMBOLS_PRIVATE_EXTERN = NO;
				GCC_WARN_ABOUT_RETURN_TYPE = YES;
				GCC_WARN_UNINITIALIZED_AUTOS = YES;
				GCC_WARN_UNUSED_VARIABLE = YES;
				IPHONEOS_DEPLOYMENT_TARGET = 6.1;
				ONLY_ACTIVE_ARCH = YES;
				SDKROOT = iphoneos;
				TARGETED_DEVICE_FAMILY = 2;
			};
			name = Debug;
		};
		1AACF27316C99CEE00FA936D /* Release */ = {
			isa = XCBuildConfiguration;
			buildSettings = {
				ALWAYS_SEARCH_USER_PATHS = NO;
				CLANG_CXX_LANGUAGE_STANDARD = "gnu++0x";
				CLANG_CXX_LIBRARY = "libc++";
				CLANG_ENABLE_OBJC_ARC = YES;
				CLANG_WARN_CONSTANT_CONVERSION = YES;
				CLANG_WARN_EMPTY_BODY = YES;
				CLANG_WARN_ENUM_CONVERSION = YES;
				CLANG_WARN_INT_CONVERSION = YES;
				CLANG_WARN__DUPLICATE_METHOD_MATCH = YES;
				"CODE_SIGN_IDENTITY[sdk=iphoneos*]" = "iPhone Developer";
				COPY_PHASE_STRIP = YES;
				GCC_C_LANGUAGE_STANDARD = gnu99;
				GCC_WARN_ABOUT_RETURN_TYPE = YES;
				GCC_WARN_UNINITIALIZED_AUTOS = YES;
				GCC_WARN_UNUSED_VARIABLE = YES;
				IPHONEOS_DEPLOYMENT_TARGET = 6.1;
				OTHER_CFLAGS = "-DNS_BLOCK_ASSERTIONS=1";
				SDKROOT = iphoneos;
				TARGETED_DEVICE_FAMILY = 2;
				VALIDATE_PRODUCT = YES;
			};
			name = Release;
		};
		1AACF27516C99CEE00FA936D /* Debug */ = {
			isa = XCBuildConfiguration;
			buildSettings = {
				GCC_PRECOMPILE_PREFIX_HEADER = YES;
				GCC_PREFIX_HEADER = "knockONwood/knockONwood-Prefix.pch";
				INFOPLIST_FILE = "knockONwood/knockONwood-Info.plist";
				PRODUCT_NAME = "$(TARGET_NAME)";
				WRAPPER_EXTENSION = app;
			};
			name = Debug;
		};
		1AACF27616C99CEE00FA936D /* Release */ = {
			isa = XCBuildConfiguration;
			buildSettings = {
				GCC_PRECOMPILE_PREFIX_HEADER = YES;
				GCC_PREFIX_HEADER = "knockONwood/knockONwood-Prefix.pch";
				INFOPLIST_FILE = "knockONwood/knockONwood-Info.plist";
				PRODUCT_NAME = "$(TARGET_NAME)";
				WRAPPER_EXTENSION = app;
			};
			name = Release;
		};
/* End XCBuildConfiguration section */

/* Begin XCConfigurationList section */
		1AACF24C16C99CEE00FA936D /* Build configuration list for PBXProject "knockONwood" */ = {
			isa = XCConfigurationList;
			buildConfigurations = (
				1AACF27216C99CEE00FA936D /* Debug */,
				1AACF27316C99CEE00FA936D /* Release */,
			);
			defaultConfigurationIsVisible = 0;
			defaultConfigurationName = Release;
		};
		1AACF27416C99CEE00FA936D /* Build configuration list for PBXNativeTarget "knockONwood" */ = {
			isa = XCConfigurationList;
			buildConfigurations = (
				1AACF27516C99CEE00FA936D /* Debug */,
				1AACF27616C99CEE00FA936D /* Release */,
			);
			defaultConfigurationIsVisible = 0;
		};
/* End XCConfigurationList section */
	};
	rootObject = 1AACF24916C99CEE00FA936D /* Project object */;
}
